
Microsoft Visual Studio Solution File, Format Version 12.00
Project("{FAE04EC0-301F-11D3-BF4B-00C04F79EFBC}") = "JetTechMI", "JetTechMI\JetTechMI.csproj", "{B6AE5270-0B5D-4329-90CE-73CA5EAC010F}"
EndProject
Project("{FAE04EC0-301F-11D3-BF4B-00C04F79EFBC}") = "HslCommunication", "HslCommunication-Community\HslCommunication\HslCommunication.csproj", "{1177A800-6402-4568-AC07-B48A362D127F}"
EndProject
Project("{2150E333-8FDC-42A3-9474-1A3956D46DE8}") = "Solution Items", "Solution Items", "{CF3D3A0A-144C-4BDA-9DA5-5152E75D7412}"
	ProjectSection(SolutionItems) = preProject
		.gitignore = .gitignore
		.gitmodules = .gitmodules
		COPYING.GPLv3 = COPYING.GPLv3
		README.md = README.md
	EndProjectSection
EndProject
Global
	GlobalSection(SolutionConfigurationPlatforms) = preSolution
		Debug|Any CPU = Debug|Any CPU
		Release|Any CPU = Release|Any CPU
	EndGlobalSection
	GlobalSection(ProjectConfigurationPlatforms) = postSolution
		{B6AE5270-0B5D-4329-90CE-73CA5EAC010F}.Debug|Any CPU.ActiveCfg = Debug|Any CPU
		{B6AE5270-0B5D-4329-90CE-73CA5EAC010F}.Debug|Any CPU.Build.0 = Debug|Any CPU
		{B6AE5270-0B5D-4329-90CE-73CA5EAC010F}.Release|Any CPU.ActiveCfg = Release|Any CPU
		{B6AE5270-0B5D-4329-90CE-73CA5EAC010F}.Release|Any CPU.Build.0 = Release|Any CPU
		{1177A800-6402-4568-AC07-B48A362D127F}.Debug|Any CPU.ActiveCfg = Debug|Any CPU
		{1177A800-6402-4568-AC07-B48A362D127F}.Debug|Any CPU.Build.0 = Debug|Any CPU
		{1177A800-6402-4568-AC07-B48A362D127F}.Release|Any CPU.ActiveCfg = Release|Any CPU
		{1177A800-6402-4568-AC07-B48A362D127F}.Release|Any CPU.Build.0 = Release|Any CPU
	EndGlobalSection
EndGlobal
