
Microsoft Visual Studio Solution File, Format Version 12.00
Project("{FAE04EC0-301F-11D3-BF4B-00C04F79EFBC}") = "JetTechMI", "JetTechMI\JetTechMI.csproj", "{B6AE5270-0B5D-4329-90CE-73CA5EAC010F}"
EndProject
Project("{FAE04EC0-301F-11D3-BF4B-00C04F79EFBC}") = "HslCommunication_NetStandard", "HslCommunication-Community\HslCommunication_NetStandard\HslCommunication_NetStandard.csproj", "{5C82B555-1410-4AC2-A074-0A20A5395496}"
EndProject
Project("{FAE04EC0-301F-11D3-BF4B-00C04F79EFBC}") = "HslCommunication_Net45", "HslCommunication-Community\HslCommunication_Net45\HslCommunication_Net45.csproj", "{7F8029DA-1B94-4B1D-B91F-5B21DBF2F3A2}"
EndProject
Global
	GlobalSection(SolutionConfigurationPlatforms) = preSolution
		Debug|Any CPU = Debug|Any CPU
		Release|Any CPU = Release|Any CPU
	EndGlobalSection
	GlobalSection(ProjectConfigurationPlatforms) = postSolution
		{B6AE5270-0B5D-4329-90CE-73CA5EAC010F}.Debug|Any CPU.ActiveCfg = Debug|Any CPU
		{B6AE5270-0B5D-4329-90CE-73CA5EAC010F}.Debug|Any CPU.Build.0 = Debug|Any CPU
		{B6AE5270-0B5D-4329-90CE-73CA5EAC010F}.Release|Any CPU.ActiveCfg = Release|Any CPU
		{B6AE5270-0B5D-4329-90CE-73CA5EAC010F}.Release|Any CPU.Build.0 = Release|Any CPU
		{5C82B555-1410-4AC2-A074-0A20A5395496}.Debug|Any CPU.ActiveCfg = Debug|Any CPU
		{5C82B555-1410-4AC2-A074-0A20A5395496}.Debug|Any CPU.Build.0 = Debug|Any CPU
		{5C82B555-1410-4AC2-A074-0A20A5395496}.Release|Any CPU.ActiveCfg = Release|Any CPU
		{5C82B555-1410-4AC2-A074-0A20A5395496}.Release|Any CPU.Build.0 = Release|Any CPU
		{7F8029DA-1B94-4B1D-B91F-5B21DBF2F3A2}.Debug|Any CPU.ActiveCfg = Debug|Any CPU
		{7F8029DA-1B94-4B1D-B91F-5B21DBF2F3A2}.Debug|Any CPU.Build.0 = Debug|Any CPU
		{7F8029DA-1B94-4B1D-B91F-5B21DBF2F3A2}.Release|Any CPU.ActiveCfg = Release|Any CPU
		{7F8029DA-1B94-4B1D-B91F-5B21DBF2F3A2}.Release|Any CPU.Build.0 = Release|Any CPU
	EndGlobalSection
EndGlobal
